// !$*UTF8*$!
{
	archiveVersion = 1;
	classes = {
	};
	objectVersion = 46;
	objects = {

/* Begin PBXBuildFile section */
		DBD6D3D51EA8C03800EE5921 /* AppDelegate.swift in Sources */ = {isa = PBXBuildFile; fileRef = DBD6D3D41EA8C03800EE5921 /* AppDelegate.swift */; };
		DBD6D3DA1EA8C03800EE5921 /* Main.storyboard in Resources */ = {isa = PBXBuildFile; fileRef = DBD6D3D81EA8C03800EE5921 /* Main.storyboard */; };
		DBD6D3DD1EA8C03800EE5921 /* myNote.xcdatamodeld in Sources */ = {isa = PBXBuildFile; fileRef = DBD6D3DB1EA8C03800EE5921 /* myNote.xcdatamodeld */; };
		DBD6D3DF1EA8C03800EE5921 /* Assets.xcassets in Resources */ = {isa = PBXBuildFile; fileRef = DBD6D3DE1EA8C03800EE5921 /* Assets.xcassets */; };
		DBD6D3E21EA8C03800EE5921 /* LaunchScreen.storyboard in Resources */ = {isa = PBXBuildFile; fileRef = DBD6D3E01EA8C03800EE5921 /* LaunchScreen.storyboard */; };
		DBD6D3EA1EA8C22600EE5921 /* CollectionViewController.swift in Sources */ = {isa = PBXBuildFile; fileRef = DBD6D3E91EA8C22600EE5921 /* CollectionViewController.swift */; };
		DBD6D3ED1EA8C24200EE5921 /* CollectionViewCell.swift in Sources */ = {isa = PBXBuildFile; fileRef = DBD6D3EB1EA8C24200EE5921 /* CollectionViewCell.swift */; };
		DBD6D3EE1EA8C24200EE5921 /* CollectionViewCell.xib in Resources */ = {isa = PBXBuildFile; fileRef = DBD6D3EC1EA8C24200EE5921 /* CollectionViewCell.xib */; };
/* End PBXBuildFile section */

/* Begin PBXFileReference section */
		DBD6D3D11EA8C03800EE5921 /* myNote.app */ = {isa = PBXFileReference; explicitFileType = wrapper.application; includeInIndex = 0; path = myNote.app; sourceTree = BUILT_PRODUCTS_DIR; };
		DBD6D3D41EA8C03800EE5921 /* AppDelegate.swift */ = {isa = PBXFileReference; lastKnownFileType = sourcecode.swift; path = AppDelegate.swift; sourceTree = "<group>"; };
		DBD6D3D91EA8C03800EE5921 /* Base */ = {isa = PBXFileReference; lastKnownFileType = file.storyboard; name = Base; path = Base.lproj/Main.storyboard; sourceTree = "<group>"; };
		DBD6D3DC1EA8C03800EE5921 /* myNote.xcdatamodel */ = {isa = PBXFileReference; lastKnownFileType = wrapper.xcdatamodel; path = myNote.xcdatamodel; sourceTree = "<group>"; };
		DBD6D3DE1EA8C03800EE5921 /* Assets.xcassets */ = {isa = PBXFileReference; lastKnownFileType = folder.assetcatalog; path = Assets.xcassets; sourceTree = "<group>"; };
		DBD6D3E11EA8C03800EE5921 /* Base */ = {isa = PBXFileReference; lastKnownFileType = file.storyboard; name = Base; path = Base.lproj/LaunchScreen.storyboard; sourceTree = "<group>"; };
		DBD6D3E31EA8C03800EE5921 /* Info.plist */ = {isa = PBXFileReference; lastKnownFileType = text.plist.xml; path = Info.plist; sourceTree = "<group>"; };
		DBD6D3E91EA8C22600EE5921 /* CollectionViewController.swift */ = {isa = PBXFileReference; fileEncoding = 4; lastKnownFileType = sourcecode.swift; path = CollectionViewController.swift; sourceTree = "<group>"; };
		DBD6D3EB1EA8C24200EE5921 /* CollectionViewCell.swift */ = {isa = PBXFileReference; fileEncoding = 4; lastKnownFileType = sourcecode.swift; path = CollectionViewCell.swift; sourceTree = "<group>"; };
		DBD6D3EC1EA8C24200EE5921 /* CollectionViewCell.xib */ = {isa = PBXFileReference; fileEncoding = 4; lastKnownFileType = file.xib; path = CollectionViewCell.xib; sourceTree = "<group>"; };
/* End PBXFileReference section */

/* Begin PBXFrameworksBuildPhase section */
		DBD6D3CE1EA8C03800EE5921 /* Frameworks */ = {
			isa = PBXFrameworksBuildPhase;
			buildActionMask = 2147483647;
			files = (
			);
			runOnlyForDeploymentPostprocessing = 0;
		};
/* End PBXFrameworksBuildPhase section */

/* Begin PBXGroup section */
		DBD6D3C81EA8C03800EE5921 = {
			isa = PBXGroup;
			children = (
				DBD6D3D31EA8C03800EE5921 /* myNote */,
				DBD6D3D21EA8C03800EE5921 /* Products */,
			);
			sourceTree = "<group>";
		};
		DBD6D3D21EA8C03800EE5921 /* Products */ = {
			isa = PBXGroup;
			children = (
				DBD6D3D11EA8C03800EE5921 /* myNote.app */,
			);
			name = Products;
			sourceTree = "<group>";
		};
		DBD6D3D31EA8C03800EE5921 /* myNote */ = {
			isa = PBXGroup;
			children = (
				DBD6D3D41EA8C03800EE5921 /* AppDelegate.swift */,
				DBD6D3E91EA8C22600EE5921 /* CollectionViewController.swift */,
				DBD6D3EB1EA8C24200EE5921 /* CollectionViewCell.swift */,
				DBD6D3EC1EA8C24200EE5921 /* CollectionViewCell.xib */,
				DBD6D3D81EA8C03800EE5921 /* Main.storyboard */,
				DBD6D3DE1EA8C03800EE5921 /* Assets.xcassets */,
				DBD6D3E01EA8C03800EE5921 /* LaunchScreen.storyboard */,
				DBD6D3E31EA8C03800EE5921 /* Info.plist */,
				DBD6D3DB1EA8C03800EE5921 /* myNote.xcdatamodeld */,
			);
			path = myNote;
			sourceTree = "<group>";
		};
/* End PBXGroup section */

/* Begin PBXNativeTarget section */
		DBD6D3D01EA8C03800EE5921 /* myNote */ = {
			isa = PBXNativeTarget;
			buildConfigurationList = DBD6D3E61EA8C03800EE5921 /* Build configuration list for PBXNativeTarget "myNote" */;
			buildPhases = (
				DBD6D3CD1EA8C03800EE5921 /* Sources */,
				DBD6D3CE1EA8C03800EE5921 /* Frameworks */,
				DBD6D3CF1EA8C03800EE5921 /* Resources */,
			);
			buildRules = (
			);
			dependencies = (
			);
			name = myNote;
			productName = myNote;
			productReference = DBD6D3D11EA8C03800EE5921 /* myNote.app */;
			productType = "com.apple.product-type.application";
		};
/* End PBXNativeTarget section */

/* Begin PBXProject section */
		DBD6D3C91EA8C03800EE5921 /* Project object */ = {
			isa = PBXProject;
			attributes = {
				LastSwiftUpdateCheck = 0830;
				LastUpgradeCheck = 0830;
				ORGANIZATIONNAME = WuYueFeng;
				TargetAttributes = {
					DBD6D3D01EA8C03800EE5921 = {
						CreatedOnToolsVersion = 8.3.1;
						DevelopmentTeam = JYQ5XDENPB;
						ProvisioningStyle = Automatic;
					};
				};
			};
			buildConfigurationList = DBD6D3CC1EA8C03800EE5921 /* Build configuration list for PBXProject "myNote" */;
			compatibilityVersion = "Xcode 3.2";
			developmentRegion = English;
			hasScannedForEncodings = 0;
			knownRegions = (
				en,
				Base,
			);
			mainGroup = DBD6D3C81EA8C03800EE5921;
			productRefGroup = DBD6D3D21EA8C03800EE5921 /* Products */;
			projectDirPath = "";
			projectRoot = "";
			targets = (
				DBD6D3D01EA8C03800EE5921 /* myNote */,
			);
		};
/* End PBXProject section */

/* Begin PBXResourcesBuildPhase section */
		DBD6D3CF1EA8C03800EE5921 /* Resources */ = {
			isa = PBXResourcesBuildPhase;
			buildActionMask = 2147483647;
			files = (
				DBD6D3E21EA8C03800EE5921 /* LaunchScreen.storyboard in Resources */,
				DBD6D3DF1EA8C03800EE5921 /* Assets.xcassets in Resources */,
				DBD6D3EE1EA8C24200EE5921 /* CollectionViewCell.xib in Resources */,
				DBD6D3DA1EA8C03800EE5921 /* Main.storyboard in Resources */,
			);
			runOnlyForDeploymentPostprocessing = 0;
		};
/* End PBXResourcesBuildPhase section */

/* Begin PBXSourcesBuildPhase section */
		DBD6D3CD1EA8C03800EE5921 /* Sources */ = {
			isa = PBXSourcesBuildPhase;
			buildActionMask = 2147483647;
			files = (
				DBD6D3EA1EA8C22600EE5921 /* CollectionViewController.swift in Sources */,
				DBD6D3DD1EA8C03800EE5921 /* myNote.xcdatamodeld in Sources */,
				DBD6D3ED1EA8C24200EE5921 /* CollectionViewCell.swift in Sources */,
				DBD6D3D51EA8C03800EE5921 /* AppDelegate.swift in Sources */,
			);
			runOnlyForDeploymentPostprocessing = 0;
		};
/* End PBXSourcesBuildPhase section */

/* Begin PBXVariantGroup section */
		DBD6D3D81EA8C03800EE5921 /* Main.storyboard */ = {
			isa = PBXVariantGroup;
			children = (
				DBD6D3D91EA8C03800EE5921 /* Base */,
			);
			name = Main.storyboard;
			sourceTree = "<group>";
		};
		DBD6D3E01EA8C03800EE5921 /* LaunchScreen.storyboard */ = {
			isa = PBXVariantGroup;
			children = (
				DBD6D3E11EA8C03800EE5921 /* Base */,
			);
			name = LaunchScreen.storyboard;
			sourceTree = "<group>";
		};
/* End PBXVariantGroup section */

/* Begin XCBuildConfiguration section */
		DBD6D3E41EA8C03800EE5921 /* Debug */ = {
			isa = XCBuildConfiguration;
			buildSettings = {
				ALWAYS_SEARCH_USER_PATHS = NO;
				CLANG_ANALYZER_NONNULL = YES;
				CLANG_ANALYZER_NUMBER_OBJECT_CONVERSION = YES_AGGRESSIVE;
				CLANG_CXX_LANGUAGE_STANDARD = "gnu++0x";
				CLANG_CXX_LIBRARY = "libc++";
				CLANG_ENABLE_MODULES = YES;
				CLANG_ENABLE_OBJC_ARC = YES;
				CLANG_WARN_BOOL_CONVERSION = YES;
				CLANG_WARN_CONSTANT_CONVERSION = YES;
				CLANG_WARN_DIRECT_OBJC_ISA_USAGE = YES_ERROR;
				CLANG_WARN_DOCUMENTATION_COMMENTS = YES;
				CLANG_WARN_EMPTY_BODY = YES;
				CLANG_WARN_ENUM_CONVERSION = YES;
				CLANG_WARN_INFINITE_RECURSION = YES;
				CLANG_WARN_INT_CONVERSION = YES;
				CLANG_WARN_OBJC_ROOT_CLASS = YES_ERROR;
				CLANG_WARN_SUSPICIOUS_MOVE = YES;
				CLANG_WARN_UNREACHABLE_CODE = YES;
				CLANG_WARN__DUPLICATE_METHOD_MATCH = YES;
				"CODE_SIGN_IDENTITY[sdk=iphoneos*]" = "iPhone Developer";
				COPY_PHASE_STRIP = NO;
				DEBUG_INFORMATION_FORMAT = dwarf;
				ENABLE_STRICT_OBJC_MSGSEND = YES;
				ENABLE_TESTABILITY = YES;
				GCC_C_LANGUAGE_STANDARD = gnu99;
				GCC_DYNAMIC_NO_PIC = NO;
				GCC_NO_COMMON_BLOCKS = YES;
				GCC_OPTIMIZATION_LEVEL = 0;
				GCC_PREPROCESSOR_DEFINITIONS = (
					"DEBUG=1",
					"$(inherited)",
				);
				GCC_WARN_64_TO_32_BIT_CONVERSION = YES;
				GCC_WARN_ABOUT_RETURN_TYPE = YES_ERROR;
				GCC_WARN_UNDECLARED_SELECTOR = YES;
				GCC_WARN_UNINITIALIZED_AUTOS = YES_AGGRESSIVE;
				GCC_WARN_UNUSED_FUNCTION = YES;
				GCC_WARN_UNUSED_VARIABLE = YES;
				IPHONEOS_DEPLOYMENT_TARGET = 10.3;
				MTL_ENABLE_DEBUG_INFO = YES;
				ONLY_ACTIVE_ARCH = YES;
				SDKROOT = iphoneos;
				SWIFT_ACTIVE_COMPILATION_CONDITIONS = DEBUG;
				SWIFT_OPTIMIZATION_LEVEL = "-Onone";
				TARGETED_DEVICE_FAMILY = "1,2";
			};
			name = Debug;
		};
		DBD6D3E51EA8C03800EE5921 /* Release */ = {
			isa = XCBuildConfiguration;
			buildSettings = {
				ALWAYS_SEARCH_USER_PATHS = NO;
				CLANG_ANALYZER_NONNULL = YES;
				CLANG_ANALYZER_NUMBER_OBJECT_CONVERSION = YES_AGGRESSIVE;
				CLANG_CXX_LANGUAGE_STANDARD = "gnu++0x";
				CLANG_CXX_LIBRARY = "libc++";
				CLANG_ENABLE_MODULES = YES;
				CLANG_ENABLE_OBJC_ARC = YES;
				CLANG_WARN_BOOL_CONVERSION = YES;
				CLANG_WARN_CONSTANT_CONVERSION = YES;
				CLANG_WARN_DIRECT_OBJC_ISA_USAGE = YES_ERROR;
				CLANG_WARN_DOCUMENTATION_COMMENTS = YES;
				CLANG_WARN_EMPTY_BODY = YES;
				CLANG_WARN_ENUM_CONVERSION = YES;
				CLANG_WARN_INFINITE_RECURSION = YES;
				CLANG_WARN_INT_CONVERSION = YES;
				CLANG_WARN_OBJC_ROOT_CLASS = YES_ERROR;
				CLANG_WARN_SUSPICIOUS_MOVE = YES;
				CLANG_WARN_UNREACHABLE_CODE = YES;
				CLANG_WARN__DUPLICATE_METHOD_MATCH = YES;
				"CODE_SIGN_IDENTITY[sdk=iphoneos*]" = "iPhone Developer";
				COPY_PHASE_STRIP = NO;
				DEBUG_INFORMATION_FORMAT = "dwarf-with-dsym";
				ENABLE_NS_ASSERTIONS = NO;
				ENABLE_STRICT_OBJC_MSGSEND = YES;
				GCC_C_LANGUAGE_STANDARD = gnu99;
				GCC_NO_COMMON_BLOCKS = YES;
				GCC_WARN_64_TO_32_BIT_CONVERSION = YES;
				GCC_WARN_ABOUT_RETURN_TYPE = YES_ERROR;
				GCC_WARN_UNDECLARED_SELECTOR = YES;
				GCC_WARN_UNINITIALIZED_AUTOS = YES_AGGRESSIVE;
				GCC_WARN_UNUSED_FUNCTION = YES;
				GCC_WARN_UNUSED_VARIABLE = YES;
				IPHONEOS_DEPLOYMENT_TARGET = 10.3;
				MTL_ENABLE_DEBUG_INFO = NO;
				SDKROOT = iphoneos;
				SWIFT_OPTIMIZATION_LEVEL = "-Owholemodule";
				TARGETED_DEVICE_FAMILY = "1,2";
				VALIDATE_PRODUCT = YES;
			};
			name = Release;
		};
		DBD6D3E71EA8C03800EE5921 /* Debug */ = {
			isa = XCBuildConfiguration;
			buildSettings = {
				ASSETCATALOG_COMPILER_APPICON_NAME = AppIcon;
				DEVELOPMENT_TEAM = JYQ5XDENPB;
				INFOPLIST_FILE = myNote/Info.plist;
				IPHONEOS_DEPLOYMENT_TARGET = 10.0;
				LD_RUNPATH_SEARCH_PATHS = "$(inherited) @executable_path/Frameworks";
				PRODUCT_BUNDLE_IDENTIFIER = In.myNote;
				PRODUCT_NAME = "$(TARGET_NAME)";
				SWIFT_VERSION = 3.0;
			};
			name = Debug;
		};
		DBD6D3E81EA8C03800EE5921 /* Release */ = {
			isa = XCBuildConfiguration;
			buildSettings = {
				ASSETCATALOG_COMPILER_APPICON_NAME = AppIcon;
				DEVELOPMENT_TEAM = JYQ5XDENPB;
				INFOPLIST_FILE = myNote/Info.plist;
				IPHONEOS_DEPLOYMENT_TARGET = 10.0;
				LD_RUNPATH_SEARCH_PATHS = "$(inherited) @executable_path/Frameworks";
				PRODUCT_BUNDLE_IDENTIFIER = In.myNote;
				PRODUCT_NAME = "$(TARGET_NAME)";
				SWIFT_VERSION = 3.0;
			};
			name = Release;
		};
/* End XCBuildConfiguration section */

/* Begin XCConfigurationList section */
		DBD6D3CC1EA8C03800EE5921 /* Build configuration list for PBXProject "myNote" */ = {
			isa = XCConfigurationList;
			buildConfigurations = (
				DBD6D3E41EA8C03800EE5921 /* Debug */,
				DBD6D3E51EA8C03800EE5921 /* Release */,
			);
			defaultConfigurationIsVisible = 0;
			defaultConfigurationName = Release;
		};
		DBD6D3E61EA8C03800EE5921 /* Build configuration list for PBXNativeTarget "myNote" */ = {
			isa = XCConfigurationList;
			buildConfigurations = (
				DBD6D3E71EA8C03800EE5921 /* Debug */,
				DBD6D3E81EA8C03800EE5921 /* Release */,
			);
			defaultConfigurationIsVisible = 0;
		};
/* End XCConfigurationList section */

/* Begin XCVersionGroup section */
		DBD6D3DB1EA8C03800EE5921 /* myNote.xcdatamodeld */ = {
			isa = XCVersionGroup;
			children = (
				DBD6D3DC1EA8C03800EE5921 /* myNote.xcdatamodel */,
			);
			currentVersion = DBD6D3DC1EA8C03800EE5921 /* myNote.xcdatamodel */;
			path = myNote.xcdatamodeld;
			sourceTree = "<group>";
			versionGroupType = wrapper.xcdatamodel;
		};
/* End XCVersionGroup section */
	};
	rootObject = DBD6D3C91EA8C03800EE5921 /* Project object */;
}
